# This file is automatically @generated by Cargo.
# It is not intended for manual editing.
[[package]]
name = "advent_of_code"
version = "0.1.0"
dependencies = [
 "day_1 0.1.0",
 "day_2 0.1.0",
 "day_3 0.1.0",
]

[[package]]
name = "day_1"
version = "0.1.0"

[[package]]
name = "day_2"
version = "0.1.0"

[[package]]
name = "day_3"
version = "0.1.0"

